{
  "name": "@youzan/fount",
  "version": "1.0.9",
  "dependencies": {
    "abbrev": {
      "version": "1.0.9"
    },
    "acorn": {
      "version": "1.2.2"
    },
    "acorn-globals": {
      "version": "1.0.9",
      "dependencies": {
        "acorn": {
          "version": "2.7.0"
        }
      }
    },
    "ajv": {
      "version": "4.11.2",
      "from": "ajv@4.11.2",
      "resolved": "https://registry.npmjs.org/ajv/-/ajv-4.11.2.tgz"
    },
    "align-text": {
      "version": "0.1.4",
      "from": "align-text@>=0.1.3 <0.2.0",
      "resolved": "http://registry.npm.qima-inc.com/align-text/download/align-text-0.1.4.tgz"
    },
    "amdefine": {
      "version": "1.0.0"
    },
    "ansi-regex": {
      "version": "2.0.0"
    },
    "ansi-styles": {
      "version": "2.2.1"
    },
    "aproba": {
      "version": "1.0.4"
    },
    "are-we-there-yet": {
      "version": "1.1.2"
    },
    "argparse": {
      "version": "1.0.9"
    },
    "array-index": {
      "version": "1.0.0"
    },
    "asap": {
      "version": "2.0.5",
      "from": "asap@>=2.0.3 <2.1.0",
      "resolved": "http://registry.npm.qima-inc.com/asap/download/asap-2.0.5.tgz"
    },
    "asn1": {
      "version": "0.2.3"
    },
    "assert-plus": {
      "version": "0.2.0"
    },
    "async": {
      "version": "1.0.0",
      "from": "async@>=1.0.0 <1.1.0",
      "resolved": "http://registry.npm.qima-inc.com/async/download/async-1.0.0.tgz"
    },
    "asynckit": {
      "version": "0.4.0"
    },
    "aws-sign2": {
      "version": "0.6.0"
    },
    "aws4": {
      "version": "1.5.0"
    },
    "balanced-match": {
      "version": "0.4.2"
    },
    "base64-js": {
      "version": "1.2.0"
    },
    "bcrypt-pbkdf": {
      "version": "1.0.0",
      "from": "bcrypt-pbkdf@>=1.0.0 <2.0.0",
      "resolved": "https://registry.npmjs.org/bcrypt-pbkdf/-/bcrypt-pbkdf-1.0.0.tgz",
      "optional": true
    },
    "bindings": {
      "version": "1.2.1"
    },
    "bl": {
      "version": "1.1.2",
      "dependencies": {
        "readable-stream": {
          "version": "2.0.6"
        }
      }
    },
    "block-stream": {
      "version": "0.0.9"
    },
    "boom": {
      "version": "2.10.1"
    },
    "brace-expansion": {
      "version": "1.1.6"
    },
    "buffer-shims": {
      "version": "1.0.0"
    },
    "bufferstreams": {
      "version": "1.1.1"
    },
    "builtin-modules": {
      "version": "1.1.1",
      "from": "builtin-modules@>=1.0.0 <2.0.0",
      "resolved": "https://registry.npmjs.org/builtin-modules/-/builtin-modules-1.1.1.tgz"
    },
    "camelcase": {
      "version": "3.0.0",
      "from": "camelcase@>=3.0.0 <4.0.0",
      "resolved": "http://registry.npm.qima-inc.com/camelcase/download/camelcase-3.0.0.tgz"
    },
    "caseless": {
      "version": "0.11.0"
    },
    "center-align": {
      "version": "0.1.3",
      "from": "center-align@>=0.1.1 <0.2.0",
      "resolved": "http://registry.npm.qima-inc.com/center-align/download/center-align-0.1.3.tgz"
    },
    "chalk": {
      "version": "1.1.3"
    },
    "character-parser": {
      "version": "1.2.1"
    },
    "clap": {
      "version": "1.1.2",
      "from": "clap@>=1.0.9 <2.0.0",
      "resolved": "http://registry.npm.qima-inc.com/clap/download/clap-1.1.2.tgz"
    },
    "clean-css": {
      "version": "3.4.20",
      "dependencies": {
        "commander": {
          "version": "2.8.1"
        },
        "source-map": {
          "version": "0.4.4"
        }
      }
    },
    "cliui": {
      "version": "3.2.0",
      "from": "cliui@>=3.2.0 <4.0.0",
      "resolved": "http://registry.npm.qima-inc.com/cliui/download/cliui-3.2.0.tgz"
    },
    "clone": {
      "version": "2.1.0",
      "from": "clone@>=2.0.0 <3.0.0",
      "resolved": "https://registry.npmjs.org/clone/-/clone-2.1.0.tgz"
    },
    "co": {
      "version": "4.6.0",
      "from": "co@>=4.6.0 <5.0.0",
      "resolved": "http://registry.npm.qima-inc.com/co/download/co-4.6.0.tgz"
    },
    "coa": {
      "version": "1.0.1",
      "from": "coa@>=1.0.1 <1.1.0",
      "resolved": "https://registry.npmjs.org/coa/-/coa-1.0.1.tgz"
    },
    "code-point-at": {
      "version": "1.0.1"
    },
    "colors": {
      "version": "1.1.2",
      "from": "colors@>=1.1.2 <1.2.0",
      "resolved": "https://registry.npmjs.org/colors/-/colors-1.1.2.tgz"
    },
    "combined-stream": {
      "version": "1.0.5"
    },
    "commander": {
      "version": "2.6.0"
    },
    "concat-map": {
      "version": "0.0.1"
    },
    "console-control-strings": {
      "version": "1.1.0"
    },
    "constantinople": {
      "version": "3.0.2",
      "dependencies": {
        "acorn": {
          "version": "2.7.0"
        }
      }
    },
    "core-util-is": {
      "version": "1.0.2"
    },
    "cryptiles": {
      "version": "2.0.5"
    },
    "css": {
      "version": "1.0.8",
      "dependencies": {
        "css-parse": {
          "version": "1.0.4"
        }
      }
    },
    "css-parse": {
      "version": "1.7.0",
      "from": "css-parse@>=1.7.0 <1.8.0",
      "resolved": "https://registry.npmjs.org/css-parse/-/css-parse-1.7.0.tgz"
    },
    "css-stringify": {
      "version": "1.0.5"
    },
    "csso": {
      "version": "2.3.1",
      "from": "csso@>=2.3.1 <2.4.0",
      "resolved": "https://registry.npmjs.org/csso/-/csso-2.3.1.tgz"
    },
    "cubic2quad": {
      "version": "1.0.0"
    },
    "cycle": {
      "version": "1.0.3",
      "from": "cycle@>=1.0.0 <1.1.0",
      "resolved": "https://registry.npmjs.org/cycle/-/cycle-1.0.3.tgz"
    },
    "d": {
      "version": "0.1.1"
    },
    "dashdash": {
      "version": "1.14.0",
      "dependencies": {
        "assert-plus": {
          "version": "1.0.0"
        }
      }
    },
    "debug": {
      "version": "2.2.0"
    },
    "decamelize": {
      "version": "1.2.0"
    },
    "delayed-stream": {
      "version": "1.0.0"
    },
    "delegates": {
      "version": "1.0.0"
    },
    "ecc-jsbn": {
      "version": "0.1.1",
      "from": "ecc-jsbn@>=0.1.1 <0.2.0",
      "resolved": "https://registry.npmjs.org/ecc-jsbn/-/ecc-jsbn-0.1.1.tgz",
      "optional": true
    },
    "error-ex": {
      "version": "1.3.0",
      "from": "error-ex@>=1.2.0 <2.0.0",
      "resolved": "https://registry.npmjs.org/error-ex/-/error-ex-1.3.0.tgz"
    },
    "es5-ext": {
      "version": "0.10.12"
    },
    "es6-iterator": {
      "version": "2.0.0"
    },
    "es6-symbol": {
      "version": "3.1.0"
    },
    "escape-string-regexp": {
      "version": "1.0.5"
    },
    "esprima": {
      "version": "2.7.3",
      "from": "esprima@>=2.6.0 <3.0.0",
      "resolved": "https://registry.npmjs.org/esprima/-/esprima-2.7.3.tgz"
    },
    "extend": {
      "version": "3.0.0"
    },
    "extsprintf": {
      "version": "1.0.2"
    },
    "eyes": {
      "version": "0.1.8",
      "from": "eyes@>=0.1.0 <0.2.0",
      "resolved": "https://registry.npmjs.org/eyes/-/eyes-0.1.8.tgz"
    },
    "find-up": {
      "version": "1.1.2",
      "from": "find-up@>=1.0.0 <2.0.0",
      "resolved": "http://registry.npm.taobao.org/find-up/download/find-up-1.1.2.tgz"
    },
    "forever-agent": {
      "version": "0.6.1"
    },
    "form-data": {
      "version": "2.0.0"
    },
    "fs.realpath": {
      "version": "1.0.0"
    },
    "fstream": {
      "version": "1.0.10"
    },
    "gauge": {
      "version": "2.6.0"
    },
    "generate-function": {
      "version": "2.0.0"
    },
    "generate-object-property": {
      "version": "1.2.0"
    },
    "get-caller-file": {
      "version": "1.0.2",
      "from": "get-caller-file@>=1.0.1 <2.0.0",
      "resolved": "http://registry.npm.qima-inc.com/get-caller-file/download/get-caller-file-1.0.2.tgz"
    },
    "getpass": {
      "version": "0.1.6",
      "dependencies": {
        "assert-plus": {
          "version": "1.0.0"
        }
      }
    },
    "glob": {
      "version": "7.1.1"
    },
    "graceful-fs": {
      "version": "4.1.9"
    },
    "graceful-readlink": {
      "version": "1.0.1"
    },
    "har-validator": {
      "version": "2.0.6",
      "dependencies": {
        "commander": {
          "version": "2.9.0"
        }
      }
    },
    "has-ansi": {
      "version": "2.0.0"
    },
    "has-color": {
      "version": "0.1.7"
    },
    "has-unicode": {
      "version": "2.0.1"
    },
    "hawk": {
      "version": "3.1.3"
    },
    "hoek": {
      "version": "2.16.3"
    },
    "hosted-git-info": {
      "version": "2.2.0",
      "from": "hosted-git-info@>=2.1.4 <3.0.0",
      "resolved": "http://registry.npm.qima-inc.com/hosted-git-info/download/hosted-git-info-2.2.0.tgz"
    },
    "http-signature": {
      "version": "1.1.1"
    },
    "inflight": {
      "version": "1.0.6"
    },
    "inherits": {
      "version": "2.0.3"
    },
    "invert-kv": {
      "version": "1.0.0",
      "from": "invert-kv@>=1.0.0 <2.0.0",
      "resolved": "https://registry.npmjs.org/invert-kv/-/invert-kv-1.0.0.tgz"
    },
    "is-arrayish": {
      "version": "0.2.1",
      "from": "is-arrayish@>=0.2.1 <0.3.0",
      "resolved": "https://registry.npmjs.org/is-arrayish/-/is-arrayish-0.2.1.tgz"
    },
    "is-buffer": {
      "version": "1.1.4",
      "from": "is-buffer@>=1.0.2 <2.0.0",
      "resolved": "https://registry.npmjs.org/is-buffer/-/is-buffer-1.1.4.tgz"
    },
    "is-builtin-module": {
      "version": "1.0.0",
      "from": "is-builtin-module@>=1.0.0 <2.0.0",
      "resolved": "https://registry.npmjs.org/is-builtin-module/-/is-builtin-module-1.0.0.tgz"
    },
    "is-fullwidth-code-point": {
      "version": "1.0.0"
    },
    "is-my-json-valid": {
      "version": "2.15.0"
    },
    "is-promise": {
      "version": "2.1.0"
    },
    "is-property": {
      "version": "1.0.2"
    },
    "is-typedarray": {
      "version": "1.0.0"
    },
    "is-utf8": {
      "version": "0.2.1",
      "from": "is-utf8@>=0.2.0 <0.3.0",
      "resolved": "https://registry.npmjs.org/is-utf8/-/is-utf8-0.2.1.tgz"
    },
    "isarray": {
      "version": "1.0.0"
    },
    "isexe": {
      "version": "1.1.2"
    },
    "isstream": {
      "version": "0.1.2"
    },
    "jade": {
      "version": "1.11.0",
      "dependencies": {
        "async": {
          "version": "0.2.10",
          "from": "async@>=0.2.6 <0.3.0",
          "resolved": "http://registry.npm.qima-inc.com/async/download/async-0.2.10.tgz"
        },
        "camelcase": {
          "version": "1.2.1",
          "from": "camelcase@>=1.0.2 <2.0.0",
          "resolved": "https://registry.npm.taobao.org/camelcase/download/camelcase-1.2.1.tgz"
        },
        "cliui": {
          "version": "2.1.0",
          "from": "cliui@>=2.1.0 <3.0.0",
          "resolved": "http://registry.npm.qima-inc.com/cliui/download/cliui-2.1.0.tgz"
        },
        "uglify-js": {
          "version": "2.7.5",
          "from": "uglify-js@>=2.4.19 <3.0.0",
          "resolved": "http://registry.npm.qima-inc.com/uglify-js/download/uglify-js-2.7.5.tgz"
        },
        "window-size": {
          "version": "0.1.0",
          "from": "window-size@0.1.0",
          "resolved": "http://registry.npm.qima-inc.com/window-size/download/window-size-0.1.0.tgz"
        },
        "wordwrap": {
          "version": "0.0.2",
          "from": "wordwrap@0.0.2",
          "resolved": "http://registry.npm.qima-inc.com/wordwrap/download/wordwrap-0.0.2.tgz"
        },
        "yargs": {
          "version": "3.10.0",
          "from": "yargs@>=3.10.0 <3.11.0",
          "resolved": "http://registry.npm.qima-inc.com/yargs/download/yargs-3.10.0.tgz"
        }
      }
    },
    "jodid25519": {
      "version": "1.0.2",
      "from": "jodid25519@>=1.0.0 <2.0.0",
      "resolved": "https://registry.npmjs.org/jodid25519/-/jodid25519-1.0.2.tgz",
      "optional": true
    },
    "js-yaml": {
      "version": "3.7.0",
      "from": "js-yaml@>=3.7.0 <3.8.0",
      "resolved": "http://registry.npm.qima-inc.com/js-yaml/download/js-yaml-3.7.0.tgz"
    },
    "jsbn": {
      "version": "0.1.0",
      "from": "jsbn@>=0.1.0 <0.2.0",
      "resolved": "https://registry.npmjs.org/jsbn/-/jsbn-0.1.0.tgz",
      "optional": true
    },
    "json-schema": {
      "version": "0.2.3"
    },
    "json-stable-stringify": {
      "version": "1.0.1",
      "from": "json-stable-stringify@>=1.0.1 <2.0.0",
      "resolved": "http://registry.npm.taobao.org/json-stable-stringify/download/json-stable-stringify-1.0.1.tgz"
    },
    "json-stringify-safe": {
      "version": "5.0.1"
    },
    "jsonify": {
      "version": "0.0.0",
      "from": "jsonify@>=0.0.0 <0.1.0",
      "resolved": "https://registry.npmjs.org/jsonify/-/jsonify-0.0.0.tgz"
    },
    "jsonpointer": {
      "version": "4.0.0"
    },
    "jsprim": {
      "version": "1.3.1"
    },
    "jstransformer": {
      "version": "0.0.2",
      "dependencies": {
        "asap": {
          "version": "1.0.0"
        },
        "promise": {
          "version": "6.1.0"
        }
      }
    },
    "jstransformer-stylus": {
      "version": "1.3.0",
      "from": "jstransformer-stylus@1.3.0",
      "resolved": "https://registry.npmjs.org/jstransformer-stylus/-/jstransformer-stylus-1.3.0.tgz"
    },
    "kind-of": {
      "version": "3.1.0",
      "from": "kind-of@>=3.0.2 <4.0.0",
      "resolved": "http://registry.npm.qima-inc.com/kind-of/download/kind-of-3.1.0.tgz"
    },
    "lazy-cache": {
      "version": "1.0.4",
      "from": "lazy-cache@>=1.0.3 <2.0.0",
      "resolved": "http://registry.npm.qima-inc.com/lazy-cache/download/lazy-cache-1.0.4.tgz"
    },
    "lcid": {
      "version": "1.0.0",
      "from": "lcid@>=1.0.0 <2.0.0",
      "resolved": "https://registry.npmjs.org/lcid/-/lcid-1.0.0.tgz"
    },
    "load-json-file": {
      "version": "1.1.0",
      "from": "load-json-file@>=1.0.0 <2.0.0",
      "resolved": "https://registry.npmjs.org/load-json-file/-/load-json-file-1.1.0.tgz"
    },
    "lodash": {
      "version": "4.17.4",
      "from": "lodash@4.17.4",
      "resolved": "http://registry.npm.qima-inc.com/lodash/download/lodash-4.17.4.tgz"
    },
    "longest": {
      "version": "1.0.1",
      "from": "longest@>=1.0.1 <2.0.0",
      "resolved": "https://registry.npmjs.org/longest/-/longest-1.0.1.tgz"
    },
    "microbuffer": {
      "version": "1.0.0"
    },
    "mime-db": {
      "version": "1.24.0"
    },
    "mime-types": {
      "version": "2.1.12"
    },
    "minimatch": {
      "version": "3.0.3"
    },
    "minimist": {
      "version": "0.0.8"
    },
    "mkdirp": {
      "version": "0.5.1"
    },
    "ms": {
      "version": "0.7.1"
    },
    "nan": {
      "version": "2.4.0"
    },
    "node-gyp": {
      "version": "3.4.0"
    },
    "node-uuid": {
      "version": "1.4.7"
    },
    "nopt": {
      "version": "3.0.6"
    },
    "normalize-package-data": {
      "version": "2.3.5",
      "from": "normalize-package-data@>=2.3.2 <3.0.0",
      "resolved": "https://registry.npmjs.org/normalize-package-data/-/normalize-package-data-2.3.5.tgz"
    },
    "npmlog": {
      "version": "3.1.2"
    },
    "number-is-nan": {
      "version": "1.0.1"
    },
    "oauth-sign": {
      "version": "0.8.2"
    },
    "object-assign": {
      "version": "4.1.0"
    },
    "once": {
      "version": "1.4.0"
    },
    "optimist": {
      "version": "0.3.7"
    },
    "os-homedir": {
      "version": "1.0.2"
    },
    "os-locale": {
      "version": "1.4.0",
      "from": "os-locale@>=1.4.0 <2.0.0",
      "resolved": "https://registry.npmjs.org/os-locale/-/os-locale-1.4.0.tgz"
    },
    "os-tmpdir": {
      "version": "1.0.2"
    },
    "osenv": {
      "version": "0.1.3"
    },
    "pako": {
      "version": "1.0.3"
    },
    "parse-json": {
      "version": "2.2.0",
      "from": "parse-json@>=2.2.0 <3.0.0",
      "resolved": "https://registry.npmjs.org/parse-json/-/parse-json-2.2.0.tgz"
    },
    "path-array": {
      "version": "1.0.1"
    },
    "path-exists": {
      "version": "2.1.0",
      "from": "path-exists@>=2.0.0 <3.0.0",
      "resolved": "https://registry.npmjs.org/path-exists/-/path-exists-2.1.0.tgz"
    },
    "path-is-absolute": {
      "version": "1.0.1"
    },
    "path-type": {
      "version": "1.1.0",
      "from": "path-type@>=1.0.0 <2.0.0",
      "resolved": "https://registry.npmjs.org/path-type/-/path-type-1.1.0.tgz"
    },
    "pify": {
      "version": "2.3.0",
      "from": "pify@>=2.0.0 <3.0.0",
      "resolved": "https://registry.npmjs.org/pify/-/pify-2.3.0.tgz"
    },
    "pinkie": {
      "version": "2.0.4"
    },
    "pinkie-promise": {
      "version": "2.0.1"
    },
    "process-nextick-args": {
      "version": "1.0.7"
    },
    "promise": {
      "version": "7.1.1",
      "from": "promise@>=7.0.3 <8.0.0",
      "resolved": "http://registry.npm.taobao.org/promise/download/promise-7.1.1.tgz"
    },
    "q": {
      "version": "1.4.1",
      "from": "q@>=1.1.2 <2.0.0",
      "resolved": "https://registry.npmjs.org/q/-/q-1.4.1.tgz"
    },
    "qs": {
      "version": "6.2.1"
    },
    "read-pkg": {
      "version": "1.1.0",
      "from": "read-pkg@>=1.0.0 <2.0.0",
      "resolved": "https://registry.npmjs.org/read-pkg/-/read-pkg-1.1.0.tgz"
    },
    "read-pkg-up": {
      "version": "1.0.1",
      "from": "read-pkg-up@>=1.0.1 <2.0.0",
      "resolved": "https://registry.npmjs.org/read-pkg-up/-/read-pkg-up-1.0.1.tgz"
    },
    "readable-stream": {
      "version": "2.1.5"
    },
    "repeat-string": {
      "version": "1.6.1",
      "from": "repeat-string@>=1.5.2 <2.0.0",
      "resolved": "http://registry.npm.qima-inc.com/repeat-string/download/repeat-string-1.6.1.tgz"
    },
    "request": {
      "version": "2.75.0"
    },
    "require-directory": {
      "version": "2.1.1",
      "from": "require-directory@>=2.1.1 <3.0.0",
      "resolved": "http://registry.npm.qima-inc.com/require-directory/download/require-directory-2.1.1.tgz"
    },
    "require-main-filename": {
      "version": "1.0.1",
      "from": "require-main-filename@>=1.0.1 <2.0.0",
      "resolved": "https://registry.npmjs.org/require-main-filename/-/require-main-filename-1.0.1.tgz"
    },
    "right-align": {
      "version": "0.1.3",
      "from": "right-align@>=0.1.1 <0.2.0",
      "resolved": "http://registry.npm.qima-inc.com/right-align/download/right-align-0.1.3.tgz"
    },
    "rimraf": {
      "version": "2.5.4"
    },
    "sax": {
      "version": "0.5.8",
      "from": "sax@>=0.5.0 <0.6.0",
      "resolved": "https://registry.npmjs.org/sax/-/sax-0.5.8.tgz"
    },
    "semver": {
      "version": "5.3.0"
    },
    "set-blocking": {
      "version": "2.0.0"
    },
    "signal-exit": {
      "version": "3.0.1"
    },
    "sntp": {
      "version": "1.0.9"
    },
    "source-map": {
      "version": "0.5.6"
    },
    "spdx-correct": {
      "version": "1.0.2",
      "from": "spdx-correct@>=1.0.0 <1.1.0",
      "resolved": "https://registry.npmjs.org/spdx-correct/-/spdx-correct-1.0.2.tgz"
    },
    "spdx-expression-parse": {
      "version": "1.0.4",
      "from": "spdx-expression-parse@>=1.0.0 <1.1.0",
      "resolved": "http://registry.npm.qima-inc.com/spdx-expression-parse/download/spdx-expression-parse-1.0.4.tgz"
    },
    "spdx-license-ids": {
      "version": "1.2.2",
      "from": "spdx-license-ids@>=1.0.2 <2.0.0",
      "resolved": "http://registry.npm.qima-inc.com/spdx-license-ids/download/spdx-license-ids-1.2.2.tgz"
    },
    "sprintf-js": {
      "version": "1.0.3"
    },
    "sshpk": {
      "version": "1.10.1",
      "dependencies": {
        "assert-plus": {
          "version": "1.0.0"
        }
      }
    },
    "stack-trace": {
      "version": "0.0.9",
      "from": "stack-trace@>=0.0.0 <0.1.0",
      "resolved": "https://registry.npmjs.org/stack-trace/-/stack-trace-0.0.9.tgz"
    },
    "string_decoder": {
      "version": "0.10.31"
    },
    "string-width": {
      "version": "1.0.2"
    },
    "stringstream": {
      "version": "0.0.5"
    },
    "strip-ansi": {
      "version": "3.0.1"
    },
    "strip-bom": {
      "version": "2.0.0",
      "from": "strip-bom@>=2.0.0 <3.0.0",
      "resolved": "https://registry.npmjs.org/strip-bom/-/strip-bom-2.0.0.tgz"
    },
    "stylus": {
      "version": "0.54.5",
      "from": "stylus@>=0.0.0 <1.0.0",
      "resolved": "https://registry.npmjs.org/stylus/-/stylus-0.54.5.tgz",
      "dependencies": {
        "glob": {
          "version": "7.0.6",
          "from": "glob@>=7.0.0 <7.1.0",
          "resolved": "https://registry.npmjs.org/glob/-/glob-7.0.6.tgz"
        },
        "source-map": {
          "version": "0.1.43",
          "from": "source-map@>=0.1.0 <0.2.0",
          "resolved": "https://registry.npmjs.org/source-map/-/source-map-0.1.43.tgz"
        }
      }
    },
    "supports-color": {
      "version": "2.0.0"
    },
    "svg2ttf": {
      "version": "4.0.2"
    },
    "svgo": {
      "version": "0.7.2",
      "from": "svgo@0.7.2",
      "resolved": "https://registry.npmjs.org/svgo/-/svgo-0.7.2.tgz",
      "dependencies": {
        "sax": {
          "version": "1.2.2",
          "from": "sax@>=1.2.1 <1.3.0",
          "resolved": "https://registry.npmjs.org/sax/-/sax-1.2.2.tgz"
        }
      }
    },
    "svgpath": {
      "version": "2.2.1",
      "from": "svgpath@2.2.1",
      "resolved": "https://registry.npmjs.org/svgpath/-/svgpath-2.2.1.tgz"
    },
    "tar": {
      "version": "2.2.1"
    },
    "tough-cookie": {
      "version": "2.3.1"
    },
    "transformers": {
      "version": "2.1.0",
      "dependencies": {
        "is-promise": {
          "version": "1.0.1"
        },
        "promise": {
          "version": "2.0.0"
        }
      }
    },
    "ttf2eot": {
      "version": "2.0.0"
    },
    "ttf2woff": {
      "version": "2.0.1"
    },
    "ttf2woff2": {
      "version": "2.0.3"
    },
    "tunnel-agent": {
      "version": "0.4.3"
    },
    "tweetnacl": {
      "version": "0.14.3",
      "optional": true
    },
    "uglify-js": {
      "version": "2.2.5",
      "dependencies": {
        "source-map": {
          "version": "0.1.43"
        }
      }
    },
    "uglify-to-browserify": {
      "version": "1.0.2",
      "from": "uglify-to-browserify@>=1.0.0 <1.1.0",
      "resolved": "http://registry.npm.qima-inc.com/uglify-to-browserify/download/uglify-to-browserify-1.0.2.tgz"
    },
    "util-deprecate": {
      "version": "1.0.2"
    },
    "validate-npm-package-license": {
      "version": "3.0.1",
      "from": "validate-npm-package-license@>=3.0.1 <4.0.0",
      "resolved": "https://registry.npmjs.org/validate-npm-package-license/-/validate-npm-package-license-3.0.1.tgz"
    },
    "verror": {
      "version": "1.3.6"
    },
    "void-elements": {
      "version": "2.0.1"
    },
    "whet.extend": {
      "version": "0.9.9",
      "from": "whet.extend@>=0.9.9 <0.10.0",
      "resolved": "http://registry.npm.taobao.org/whet.extend/download/whet.extend-0.9.9.tgz"
    },
    "which": {
      "version": "1.2.11"
    },
    "which-module": {
      "version": "1.0.0",
      "from": "which-module@>=1.0.0 <2.0.0",
      "resolved": "http://registry.npm.qima-inc.com/which-module/download/which-module-1.0.0.tgz"
    },
    "wide-align": {
      "version": "1.1.0"
    },
    "winston": {
      "version": "2.3.1",
      "from": "winston@2.3.1",
      "resolved": "https://registry.npmjs.org/winston/-/winston-2.3.1.tgz",
      "dependencies": {
        "colors": {
          "version": "1.0.3",
          "from": "colors@>=1.0.0 <1.1.0",
          "resolved": "http://registry.npm.qima-inc.com/colors/download/colors-1.0.3.tgz"
        }
      }
    },
    "with": {
      "version": "4.0.3"
    },
    "wordwrap": {
      "version": "0.0.3"
    },
    "wrap-ansi": {
      "version": "2.1.0",
      "from": "wrap-ansi@>=2.0.0 <3.0.0",
      "resolved": "http://registry.npm.qima-inc.com/wrap-ansi/download/wrap-ansi-2.1.0.tgz"
    },
    "wrappy": {
      "version": "1.0.2"
    },
    "xmldom": {
      "version": "0.1.27",
      "from": "xmldom@0.1.27",
      "resolved": "https://registry.npmjs.org/xmldom/-/xmldom-0.1.27.tgz"
    },
    "xtend": {
      "version": "4.0.1"
    },
    "y18n": {
      "version": "3.2.1",
      "from": "y18n@>=3.2.1 <4.0.0",
      "resolved": "https://registry.npmjs.org/y18n/-/y18n-3.2.1.tgz"
    },
    "yargs": {
      "version": "6.6.0",
      "from": "yargs@6.6.0",
      "resolved": "https://registry.npmjs.org/yargs/-/yargs-6.6.0.tgz"
    },
    "yargs-parser": {
      "version": "4.2.1",
      "from": "yargs-parser@>=4.2.0 <5.0.0",
      "resolved": "https://registry.npmjs.org/yargs-parser/-/yargs-parser-4.2.1.tgz"
    }
  }
}
