# THIS IS AN AUTOGENERATED FILE. DO NOT EDIT THIS FILE DIRECTLY.
# yarn lockfile v1
abbrev@1:
  version "1.0.9"
  resolved "http://registry.npm.qima-inc.com/abbrev/download/abbrev-1.0.9.tgz#91b4792588a7738c25f35dd6f63752a2f8776135"

acorn-globals@^1.0.3:
  version "1.0.9"
  resolved "http://registry.npm.qima-inc.com/acorn-globals/download/acorn-globals-1.0.9.tgz#55bb5e98691507b74579d0513413217c380c54cf"
  dependencies:
    acorn "^2.1.0"

acorn@^1.0.1:
  version "1.2.2"
  resolved "http://registry.npm.qima-inc.com/acorn/download/acorn-1.2.2.tgz#c8ce27de0acc76d896d2b1fad3df588d9e82f014"

acorn@^2.1.0:
  version "2.7.0"
  resolved "http://registry.npm.qima-inc.com/acorn/download/acorn-2.7.0.tgz#ab6e7d9d886aaca8b085bc3312b79a198433f0e7"

ajv:
  version "4.8.2"
  resolved "http://registry.npm.qima-inc.com/ajv/download/ajv-4.8.2.tgz#65486936ca36fea39a1504332a78bebd5d447bdc"
  dependencies:
    co "^4.6.0"
    json-stable-stringify "^1.0.1"

amdefine@>=0.0.4:
  version "1.0.0"
  resolved "http://registry.npm.qima-inc.com/amdefine/download/amdefine-1.0.0.tgz#fd17474700cb5cc9c2b709f0be9d23ce3c198c33"

ansi-regex@^2.0.0:
  version "2.0.0"
  resolved "http://registry.npm.qima-inc.com/ansi-regex/download/ansi-regex-2.0.0.tgz#c5061b6e0ef8a81775e50f5d66151bf6bf371107"

ansi-styles@^2.2.1:
  version "2.2.1"
  resolved "http://registry.npm.qima-inc.com/ansi-styles/download/ansi-styles-2.2.1.tgz#b432dd3358b634cf75e1e4664368240533c1ddbe"

aproba@^1.0.3:
  version "1.0.4"
  resolved "http://registry.npm.qima-inc.com/aproba/download/aproba-1.0.4.tgz#2713680775e7614c8ba186c065d4e2e52d1072c0"

are-we-there-yet@~1.1.2:
  version "1.1.2"
  resolved "http://registry.npm.qima-inc.com/are-we-there-yet/download/are-we-there-yet-1.1.2.tgz#80e470e95a084794fe1899262c5667c6e88de1b3"
  dependencies:
    delegates "^1.0.0"
    readable-stream "^2.0.0 || ^1.1.13"

argparse@^1.0.6:
  version "1.0.9"
  resolved "http://registry.npm.qima-inc.com/argparse/download/argparse-1.0.9.tgz#73d83bc263f86e97f8cc4f6bae1b0e90a7d22c86"
  dependencies:
    sprintf-js "~1.0.2"

array-index@^1.0.0:
  version "1.0.0"
  resolved "http://registry.npm.qima-inc.com/array-index/download/array-index-1.0.0.tgz#ec56a749ee103e4e08c790b9c353df16055b97f9"
  dependencies:
    debug "^2.2.0"
    es6-symbol "^3.0.2"

asap@~1.0.0:
  version "1.0.0"
  resolved "http://registry.npm.qima-inc.com/asap/download/asap-1.0.0.tgz#b2a45da5fdfa20b0496fc3768cc27c12fa916a7d"

asap@~2.0.3:
  version "2.0.5"
  resolved "http://registry.npm.qima-inc.com/asap/download/asap-2.0.5.tgz#522765b50c3510490e52d7dcfe085ef9ba96958f"

asn1@~0.2.3:
  version "0.2.3"
  resolved "http://registry.npm.qima-inc.com/asn1/download/asn1-0.2.3.tgz#dac8787713c9966849fc8180777ebe9c1ddf3b86"

assert-plus@^0.2.0:
  version "0.2.0"
  resolved "http://registry.npm.qima-inc.com/assert-plus/download/assert-plus-0.2.0.tgz#d74e1b87e7affc0db8aadb7021f3fe48101ab234"

assert-plus@^1.0.0:
  version "1.0.0"
  resolved "http://registry.npm.qima-inc.com/assert-plus/download/assert-plus-1.0.0.tgz#f12e0f3c5d77b0b1cdd9146942e4e96c1e4dd525"

async@~1.0.0:
  version "1.0.0"
  resolved "http://registry.npm.qima-inc.com/async/download/async-1.0.0.tgz#f8fc04ca3a13784ade9e1641af98578cfbd647a9"

asynckit@^0.4.0:
  version "0.4.0"
  resolved "http://registry.npm.qima-inc.com/asynckit/download/asynckit-0.4.0.tgz#c79ed97f7f34cb8f2ba1bc9790bcc366474b4b79"

aws-sign2@~0.6.0:
  version "0.6.0"
  resolved "http://registry.npm.qima-inc.com/aws-sign2/download/aws-sign2-0.6.0.tgz#14342dd38dbcc94d0e5b87d763cd63612c0e794f"

aws4@^1.2.1:
  version "1.5.0"
  resolved "http://registry.npm.qima-inc.com/aws4/download/aws4-1.5.0.tgz#0a29ffb79c31c9e712eeb087e8e7a64b4a56d755"

balanced-match@^0.4.1:
  version "0.4.2"
  resolved "http://registry.npm.qima-inc.com/balanced-match/download/balanced-match-0.4.2.tgz#cb3f3e3c732dc0f01ee70b403f302e61d7709838"

base64-js:
  version "1.2.0"
  resolved "http://registry.npm.qima-inc.com/base64-js/download/base64-js-1.2.0.tgz#a39992d723584811982be5e290bb6a53d86700f1"

bcrypt-pbkdf@^1.0.0:
  version "1.0.0"
  resolved "http://registry.npm.qima-inc.com/bcrypt-pbkdf/download/bcrypt-pbkdf-1.0.0.tgz#3ca76b85241c7170bf7d9703e7b9aa74630040d4"
  dependencies:
    tweetnacl "^0.14.3"

bindings@^1.2.1:
  version "1.2.1"
  resolved "http://registry.npm.qima-inc.com/bindings/download/bindings-1.2.1.tgz#14ad6113812d2d37d72e67b4cacb4bb726505f11"

bl@~1.1.2:
  version "1.1.2"
  resolved "http://registry.npm.qima-inc.com/bl/download/bl-1.1.2.tgz#fdca871a99713aa00d19e3bbba41c44787a65398"
  dependencies:
    readable-stream "~2.0.5"

block-stream@*:
  version "0.0.9"
  resolved "http://registry.npm.qima-inc.com/block-stream/download/block-stream-0.0.9.tgz#13ebfe778a03205cfe03751481ebb4b3300c126a"
  dependencies:
    inherits "~2.0.0"

boom@2.x.x:
  version "2.10.1"
  resolved "http://registry.npm.qima-inc.com/boom/download/boom-2.10.1.tgz#39c8918ceff5799f83f9492a848f625add0c766f"
  dependencies:
    hoek "2.x.x"

brace-expansion@^1.0.0:
  version "1.1.6"
  resolved "http://registry.npm.qima-inc.com/brace-expansion/download/brace-expansion-1.1.6.tgz#7197d7eaa9b87e648390ea61fc66c84427420df9"
  dependencies:
    balanced-match "^0.4.1"
    concat-map "0.0.1"

buffer-shims@^1.0.0:
  version "1.0.0"
  resolved "http://registry.npm.qima-inc.com/buffer-shims/download/buffer-shims-1.0.0.tgz#9978ce317388c649ad8793028c3477ef044a8b51"

bufferstreams@^1.1.0:
  version "1.1.1"
  resolved "http://registry.npm.qima-inc.com/bufferstreams/download/bufferstreams-1.1.1.tgz#0161373060ac5988eff99058731114f6e195d51e"
  dependencies:
    readable-stream "^2.0.2"

builtin-modules@^1.0.0:
  version "1.1.1"
  resolved "http://registry.npm.qima-inc.com/builtin-modules/download/builtin-modules-1.1.1.tgz#270f076c5a72c02f5b65a47df94c5fe3a278892f"

camelcase@^3.0.0:
  version "3.0.0"
  resolved "http://registry.npm.qima-inc.com/camelcase/download/camelcase-3.0.0.tgz#32fc4b9fcdaf845fcdf7e73bb97cac2261f0ab0a"

caseless@~0.11.0:
  version "0.11.0"
  resolved "http://registry.npm.qima-inc.com/caseless/download/caseless-0.11.0.tgz#715b96ea9841593cc33067923f5ec60ebda4f7d7"

chalk@^1.1.1:
  version "1.1.3"
  resolved "http://registry.npm.qima-inc.com/chalk/download/chalk-1.1.3.tgz#a8115c55e4a702fe4d150abd3872822a7e09fc98"
  dependencies:
    ansi-styles "^2.2.1"
    escape-string-regexp "^1.0.2"
    has-ansi "^2.0.0"
    strip-ansi "^3.0.0"
    supports-color "^2.0.0"

character-parser@1.2.1:
  version "1.2.1"
  resolved "http://registry.npm.qima-inc.com/character-parser/download/character-parser-1.2.1.tgz#c0dde4ab182713b919b970959a123ecc1a30fcd6"

clean-css@^3.1.9:
  version "3.4.20"
  resolved "http://registry.npm.qima-inc.com/clean-css/download/clean-css-3.4.20.tgz#c0d8963b5448e030f0bcd3ddd0dac4dfe3dea501"
  dependencies:
    commander "2.8.x"
    source-map "0.4.x"

cliui@^3.2.0:
  version "3.2.0"
  resolved "http://registry.npm.qima-inc.com/cliui/download/cliui-3.2.0.tgz#120601537a916d29940f934da3b48d585a39213d"
  dependencies:
    string-width "^1.0.1"
    strip-ansi "^3.0.1"
    wrap-ansi "^2.0.0"

clone@^1.0.2:
  version "1.0.2"
  resolved "http://registry.npm.qima-inc.com/clone/download/clone-1.0.2.tgz#260b7a99ebb1edfe247538175f783243cb19d149"

co@^4.6.0:
  version "4.6.0"
  resolved "http://registry.npm.qima-inc.com/co/download/co-4.6.0.tgz#6ea6bdf3d853ae54ccb8e47bfa0bf3f9031fb184"

code-point-at@^1.0.0:
  version "1.0.1"
  resolved "http://registry.npm.qima-inc.com/code-point-at/download/code-point-at-1.0.1.tgz#1104cd34f9b5b45d3eba88f1babc1924e1ce35fb"
  dependencies:
    number-is-nan "^1.0.0"

colors@1.0.x:
  version "1.0.3"
  resolved "http://registry.npm.qima-inc.com/colors/download/colors-1.0.3.tgz#0433f44d809680fdeb60ed260f1b0c262e82a40b"

combined-stream@^1.0.5, combined-stream@~1.0.5:
  version "1.0.5"
  resolved "http://registry.npm.qima-inc.com/combined-stream/download/combined-stream-1.0.5.tgz#938370a57b4a51dea2c77c15d5c5fdf895164009"
  dependencies:
    delayed-stream "~1.0.0"

commander@^2.9.0:
  version "2.9.0"
  resolved "http://registry.npm.qima-inc.com/commander/download/commander-2.9.0.tgz#9c99094176e12240cb22d6c5146098400fe0f7d4"
  dependencies:
    graceful-readlink ">= 1.0.0"

commander@~2.6.0:
  version "2.6.0"
  resolved "http://registry.npm.qima-inc.com/commander/download/commander-2.6.0.tgz#9df7e52fb2a0cb0fb89058ee80c3104225f37e1d"

commander@2.8.x:
  version "2.8.1"
  resolved "http://registry.npm.qima-inc.com/commander/download/commander-2.8.1.tgz#06be367febfda0c330aa1e2a072d3dc9762425d4"
  dependencies:
    graceful-readlink ">= 1.0.0"

concat-map@0.0.1:
  version "0.0.1"
  resolved "http://registry.npm.qima-inc.com/concat-map/download/concat-map-0.0.1.tgz#d8a96bd77fd68df7793a73036a3ba0d5405d477b"

console-control-strings@^1.0.0, console-control-strings@~1.1.0:
  version "1.1.0"
  resolved "http://registry.npm.qima-inc.com/console-control-strings/download/console-control-strings-1.1.0.tgz#3d7cf4464db6446ea644bf4b39507f9851008e8e"

constantinople@~3.0.1:
  version "3.0.2"
  resolved "http://registry.npm.qima-inc.com/constantinople/download/constantinople-3.0.2.tgz#4b945d9937907bcd98ee575122c3817516544141"
  dependencies:
    acorn "^2.1.0"

core-util-is@~1.0.0:
  version "1.0.2"
  resolved "http://registry.npm.qima-inc.com/core-util-is/download/core-util-is-1.0.2.tgz#b5fd54220aa2bc5ab57aab7140c940754503c1a7"

cryptiles@2.x.x:
  version "2.0.5"
  resolved "http://registry.npm.qima-inc.com/cryptiles/download/cryptiles-2.0.5.tgz#3bdfecdc608147c1c67202fa291e7dca59eaa3b8"
  dependencies:
    boom "2.x.x"

css-parse@1.0.4:
  version "1.0.4"
  resolved "http://registry.npm.qima-inc.com/css-parse/download/css-parse-1.0.4.tgz#38b0503fbf9da9f54e9c1dbda60e145c77117bdd"

css-parse@1.7.x:
  version "1.7.0"
  resolved "http://registry.npm.qima-inc.com/css-parse/download/css-parse-1.7.0.tgz#321f6cf73782a6ff751111390fc05e2c657d8c9b"

css-stringify@1.0.5:
  version "1.0.5"
  resolved "http://registry.npm.qima-inc.com/css-stringify/download/css-stringify-1.0.5.tgz#b0d042946db2953bb9d292900a6cb5f6d0122031"

css@~1.0.8:
  version "1.0.8"
  resolved "http://registry.npm.qima-inc.com/css/download/css-1.0.8.tgz#9386811ca82bccc9ee7fb5a732b1e2a317c8a3e7"
  dependencies:
    css-parse "1.0.4"
    css-stringify "1.0.5"

cubic2quad@^1.0.0:
  version "1.0.0"
  resolved "https://registry.npmjs.org/cubic2quad/-/cubic2quad-1.0.0.tgz#c9bdfac62bad1b807547897ca6d1998ca29199d4"

cycle@1.0.x:
  version "1.0.3"
  resolved "http://registry.npm.qima-inc.com/cycle/download/cycle-1.0.3.tgz#21e80b2be8580f98b468f379430662b046c34ad2"

d@^0.1.1, d@~0.1.1:
  version "0.1.1"
  resolved "http://registry.npm.qima-inc.com/d/download/d-0.1.1.tgz#da184c535d18d8ee7ba2aa229b914009fae11309"
  dependencies:
    es5-ext "~0.10.2"

dashdash@^1.12.0:
  version "1.14.0"
  resolved "http://registry.npm.qima-inc.com/dashdash/download/dashdash-1.14.0.tgz#29e486c5418bf0f356034a993d51686a33e84141"
  dependencies:
    assert-plus "^1.0.0"

debug@*, debug@^2.2.0:
  version "2.2.0"
  resolved "http://registry.npm.qima-inc.com/debug/download/debug-2.2.0.tgz#f87057e995b1a1f6ae6a4960664137bc56f039da"
  dependencies:
    ms "0.7.1"

decamelize@^1.1.1:
  version "1.2.0"
  resolved "http://registry.npm.qima-inc.com/decamelize/download/decamelize-1.2.0.tgz#f6534d15148269b20352e7bee26f501f9a191290"

delayed-stream@~1.0.0:
  version "1.0.0"
  resolved "http://registry.npm.qima-inc.com/delayed-stream/download/delayed-stream-1.0.0.tgz#df3ae199acadfb7d440aaae0b29e2272b24ec619"

delegates@^1.0.0:
  version "1.0.0"
  resolved "http://registry.npm.qima-inc.com/delegates/download/delegates-1.0.0.tgz#84c6e159b81904fdca59a0ef44cd870d31250f9a"

ecc-jsbn@~0.1.1:
  version "0.1.1"
  resolved "http://registry.npm.qima-inc.com/ecc-jsbn/download/ecc-jsbn-0.1.1.tgz#0fc73a9ed5f0d53c38193398523ef7e543777505"
  dependencies:
    jsbn "~0.1.0"

error-ex@^1.2.0:
  version "1.3.0"
  resolved "http://registry.npm.qima-inc.com/error-ex/download/error-ex-1.3.0.tgz#e67b43f3e82c96ea3a584ffee0b9fc3325d802d9"
  dependencies:
    is-arrayish "^0.2.1"

es5-ext@^0.10.7, es5-ext@~0.10.11, es5-ext@~0.10.2:
  version "0.10.12"
  resolved "http://registry.npm.qima-inc.com/es5-ext/download/es5-ext-0.10.12.tgz#aa84641d4db76b62abba5e45fd805ecbab140047"
  dependencies:
    es6-iterator "2"
    es6-symbol "~3.1"

es6-iterator@2:
  version "2.0.0"
  resolved "http://registry.npm.qima-inc.com/es6-iterator/download/es6-iterator-2.0.0.tgz#bd968567d61635e33c0b80727613c9cb4b096bac"
  dependencies:
    d "^0.1.1"
    es5-ext "^0.10.7"
    es6-symbol "3"

es6-symbol@^3.0.2, es6-symbol@~3.1, es6-symbol@3:
  version "3.1.0"
  resolved "http://registry.npm.qima-inc.com/es6-symbol/download/es6-symbol-3.1.0.tgz#94481c655e7a7cad82eba832d97d5433496d7ffa"
  dependencies:
    d "~0.1.1"
    es5-ext "~0.10.11"

escape-string-regexp@^1.0.2:
  version "1.0.5"
  resolved "http://registry.npm.qima-inc.com/escape-string-regexp/download/escape-string-regexp-1.0.5.tgz#1b61c0562190a8dff6ae3bb2cf0200ca130b86d4"

extend@~3.0.0:
  version "3.0.0"
  resolved "http://registry.npm.qima-inc.com/extend/download/extend-3.0.0.tgz#5a474353b9f3353ddd8176dfd37b91c83a46f1d4"

extsprintf@1.0.2:
  version "1.0.2"
  resolved "http://registry.npm.qima-inc.com/extsprintf/download/extsprintf-1.0.2.tgz#e1080e0658e300b06294990cc70e1502235fd550"

eyes@0.1.x:
  version "0.1.8"
  resolved "http://registry.npm.qima-inc.com/eyes/download/eyes-0.1.8.tgz#62cf120234c683785d902348a800ef3e0cc20bc0"

find-up@^1.0.0:
  version "1.1.2"
  resolved "http://registry.npm.qima-inc.com/find-up/download/find-up-1.1.2.tgz#6b2e9822b1a2ce0a60ab64d610eccad53cb24d0f"
  dependencies:
    path-exists "^2.0.0"
    pinkie-promise "^2.0.0"

forever-agent@~0.6.1:
  version "0.6.1"
  resolved "http://registry.npm.qima-inc.com/forever-agent/download/forever-agent-0.6.1.tgz#fbc71f0c41adeb37f96c577ad1ed42d8fdacca91"

form-data@~2.0.0:
  version "2.0.0"
  resolved "http://registry.npm.qima-inc.com/form-data/download/form-data-2.0.0.tgz#6f0aebadcc5da16c13e1ecc11137d85f9b883b25"
  dependencies:
    asynckit "^0.4.0"
    combined-stream "^1.0.5"
    mime-types "^2.1.11"

fs.realpath@^1.0.0:
  version "1.0.0"
  resolved "http://registry.npm.qima-inc.com/fs.realpath/download/fs.realpath-1.0.0.tgz#1504ad2523158caa40db4a2787cb01411994ea4f"

fstream@^1.0.0, fstream@^1.0.2:
  version "1.0.10"
  resolved "http://registry.npm.qima-inc.com/fstream/download/fstream-1.0.10.tgz#604e8a92fe26ffd9f6fae30399d4984e1ab22822"
  dependencies:
    graceful-fs "^4.1.2"
    inherits "~2.0.0"
    mkdirp ">=0.5 0"
    rimraf "2"

gauge@~2.6.0:
  version "2.6.0"
  resolved "http://registry.npm.qima-inc.com/gauge/download/gauge-2.6.0.tgz#d35301ad18e96902b4751dcbbe40f4218b942a46"
  dependencies:
    aproba "^1.0.3"
    console-control-strings "^1.0.0"
    has-color "^0.1.7"
    has-unicode "^2.0.0"
    object-assign "^4.1.0"
    signal-exit "^3.0.0"
    string-width "^1.0.1"
    strip-ansi "^3.0.1"
    wide-align "^1.1.0"

generate-function@^2.0.0:
  version "2.0.0"
  resolved "http://registry.npm.qima-inc.com/generate-function/download/generate-function-2.0.0.tgz#6858fe7c0969b7d4e9093337647ac79f60dfbe74"

generate-object-property@^1.1.0:
  version "1.2.0"
  resolved "http://registry.npm.qima-inc.com/generate-object-property/download/generate-object-property-1.2.0.tgz#9c0e1c40308ce804f4783618b937fa88f99d50d0"
  dependencies:
    is-property "^1.0.0"

get-caller-file@^1.0.1:
  version "1.0.2"
  resolved "http://registry.npm.qima-inc.com/get-caller-file/download/get-caller-file-1.0.2.tgz#f702e63127e7e231c160a80c1554acb70d5047e5"

getpass@^0.1.1:
  version "0.1.6"
  resolved "http://registry.npm.qima-inc.com/getpass/download/getpass-0.1.6.tgz#283ffd9fc1256840875311c1b60e8c40187110e6"
  dependencies:
    assert-plus "^1.0.0"

glob@^7.0.3, glob@^7.0.5:
  version "7.1.1"
  resolved "http://registry.npm.qima-inc.com/glob/download/glob-7.1.1.tgz#805211df04faaf1c63a3600306cdf5ade50b2ec8"
  dependencies:
    fs.realpath "^1.0.0"
    inflight "^1.0.4"
    inherits "2"
    minimatch "^3.0.2"
    once "^1.3.0"
    path-is-absolute "^1.0.0"

glob@7.0.x:
  version "7.0.6"
  resolved "http://registry.npm.qima-inc.com/glob/download/glob-7.0.6.tgz#211bafaf49e525b8cd93260d14ab136152b3f57a"
  dependencies:
    fs.realpath "^1.0.0"
    inflight "^1.0.4"
    inherits "2"
    minimatch "^3.0.2"
    once "^1.3.0"
    path-is-absolute "^1.0.0"

graceful-fs@^4.1.2:
  version "4.1.9"
  resolved "http://registry.npm.qima-inc.com/graceful-fs/download/graceful-fs-4.1.9.tgz#baacba37d19d11f9d146d3578bc99958c3787e29"

"graceful-readlink@>= 1.0.0":
  version "1.0.1"
  resolved "http://registry.npm.qima-inc.com/graceful-readlink/download/graceful-readlink-1.0.1.tgz#4cafad76bc62f02fa039b2f94e9a3dd3a391a725"

har-validator@~2.0.6:
  version "2.0.6"
  resolved "http://registry.npm.qima-inc.com/har-validator/download/har-validator-2.0.6.tgz#cdcbc08188265ad119b6a5a7c8ab70eecfb5d27d"
  dependencies:
    chalk "^1.1.1"
    commander "^2.9.0"
    is-my-json-valid "^2.12.4"
    pinkie-promise "^2.0.0"

has-ansi@^2.0.0:
  version "2.0.0"
  resolved "http://registry.npm.qima-inc.com/has-ansi/download/has-ansi-2.0.0.tgz#34f5049ce1ecdf2b0649af3ef24e45ed35416d91"
  dependencies:
    ansi-regex "^2.0.0"

has-color@^0.1.7:
  version "0.1.7"
  resolved "http://registry.npm.qima-inc.com/has-color/download/has-color-0.1.7.tgz#67144a5260c34fc3cca677d041daf52fe7b78b2f"

has-unicode@^2.0.0:
  version "2.0.1"
  resolved "http://registry.npm.qima-inc.com/has-unicode/download/has-unicode-2.0.1.tgz#e0e6fe6a28cf51138855e086d1691e771de2a8b9"

hawk@~3.1.3:
  version "3.1.3"
  resolved "http://registry.npm.qima-inc.com/hawk/download/hawk-3.1.3.tgz#078444bd7c1640b0fe540d2c9b73d59678e8e1c4"
  dependencies:
    boom "2.x.x"
    cryptiles "2.x.x"
    hoek "2.x.x"
    sntp "1.x.x"

hoek@2.x.x:
  version "2.16.3"
  resolved "http://registry.npm.qima-inc.com/hoek/download/hoek-2.16.3.tgz#20bb7403d3cea398e91dc4710a8ff1b8274a25ed"

hosted-git-info@^2.1.4:
  version "2.1.5"
  resolved "http://registry.npm.qima-inc.com/hosted-git-info/download/hosted-git-info-2.1.5.tgz#0ba81d90da2e25ab34a332e6ec77936e1598118b"

http-signature@~1.1.0:
  version "1.1.1"
  resolved "http://registry.npm.qima-inc.com/http-signature/download/http-signature-1.1.1.tgz#df72e267066cd0ac67fb76adf8e134a8fbcf91bf"
  dependencies:
    assert-plus "^0.2.0"
    jsprim "^1.2.2"
    sshpk "^1.7.0"

inflight@^1.0.4:
  version "1.0.6"
  resolved "http://registry.npm.qima-inc.com/inflight/download/inflight-1.0.6.tgz#49bd6331d7d02d0c09bc910a1075ba8165b56df9"
  dependencies:
    once "^1.3.0"
    wrappy "1"

inherits@~2.0.0, inherits@~2.0.1, inherits@2:
  version "2.0.3"
  resolved "http://registry.npm.qima-inc.com/inherits/download/inherits-2.0.3.tgz#633c2c83e3da42a502f52466022480f4208261de"

invert-kv@^1.0.0:
  version "1.0.0"
  resolved "http://registry.npm.qima-inc.com/invert-kv/download/invert-kv-1.0.0.tgz#104a8e4aaca6d3d8cd157a8ef8bfab2d7a3ffdb6"

is-arrayish@^0.2.1:
  version "0.2.1"
  resolved "http://registry.npm.qima-inc.com/is-arrayish/download/is-arrayish-0.2.1.tgz#77c99840527aa8ecb1a8ba697b80645a7a926a9d"

is-builtin-module@^1.0.0:
  version "1.0.0"
  resolved "http://registry.npm.qima-inc.com/is-builtin-module/download/is-builtin-module-1.0.0.tgz#540572d34f7ac3119f8f76c30cbc1b1e037affbe"
  dependencies:
    builtin-modules "^1.0.0"

is-fullwidth-code-point@^1.0.0:
  version "1.0.0"
  resolved "http://registry.npm.qima-inc.com/is-fullwidth-code-point/download/is-fullwidth-code-point-1.0.0.tgz#ef9e31386f031a7f0d643af82fde50c457ef00cb"
  dependencies:
    number-is-nan "^1.0.0"

is-my-json-valid@^2.12.4:
  version "2.15.0"
  resolved "http://registry.npm.qima-inc.com/is-my-json-valid/download/is-my-json-valid-2.15.0.tgz#936edda3ca3c211fd98f3b2d3e08da43f7b2915b"
  dependencies:
    generate-function "^2.0.0"
    generate-object-property "^1.1.0"
    jsonpointer "^4.0.0"
    xtend "^4.0.0"

is-promise@^2.0.0:
  version "2.1.0"
  resolved "http://registry.npm.qima-inc.com/is-promise/download/is-promise-2.1.0.tgz#79a2a9ece7f096e80f36d2b2f3bc16c1ff4bf3fa"

is-promise@~1:
  version "1.0.1"
  resolved "http://registry.npm.qima-inc.com/is-promise/download/is-promise-1.0.1.tgz#31573761c057e33c2e91aab9e96da08cefbe76e5"

is-property@^1.0.0:
  version "1.0.2"
  resolved "http://registry.npm.qima-inc.com/is-property/download/is-property-1.0.2.tgz#57fe1c4e48474edd65b09911f26b1cd4095dda84"

is-typedarray@~1.0.0:
  version "1.0.0"
  resolved "http://registry.npm.qima-inc.com/is-typedarray/download/is-typedarray-1.0.0.tgz#e479c80858df0c1b11ddda6940f96011fcda4a9a"

is-utf8@^0.2.0:
  version "0.2.1"
  resolved "http://registry.npm.qima-inc.com/is-utf8/download/is-utf8-0.2.1.tgz#4b0da1442104d1b336340e80797e865cf39f7d72"

isarray@~1.0.0:
  version "1.0.0"
  resolved "http://registry.npm.qima-inc.com/isarray/download/isarray-1.0.0.tgz#bb935d48582cba168c06834957a54a3e07124f11"

isexe@^1.1.1:
  version "1.1.2"
  resolved "http://registry.npm.qima-inc.com/isexe/download/isexe-1.1.2.tgz#36f3e22e60750920f5e7241a476a8c6a42275ad0"

isstream@~0.1.2, isstream@0.1.x:
  version "0.1.2"
  resolved "http://registry.npm.qima-inc.com/isstream/download/isstream-0.1.2.tgz#47e63f7af55afa6f92e1500e690eb8b8529c099a"

jade:
  version "1.11.0"
  resolved "http://registry.npm.qima-inc.com/jade/download/jade-1.11.0.tgz#9c80e538c12d3fb95c8d9bb9559fa0cc040405fd"
  dependencies:
    character-parser "1.2.1"
    clean-css "^3.1.9"
    commander "~2.6.0"
    constantinople "~3.0.1"
    jstransformer "0.0.2"
    mkdirp "~0.5.0"
    transformers "2.1.0"
    void-elements "~2.0.1"
    with "~4.0.0"

jodid25519@^1.0.0:
  version "1.0.2"
  resolved "http://registry.npm.qima-inc.com/jodid25519/download/jodid25519-1.0.2.tgz#06d4912255093419477d425633606e0e90782967"
  dependencies:
    jsbn "~0.1.0"

jsbn@~0.1.0:
  version "0.1.0"
  resolved "http://registry.npm.qima-inc.com/jsbn/download/jsbn-0.1.0.tgz#650987da0dd74f4ebf5a11377a2aa2d273e97dfd"

json-schema@0.2.3:
  version "0.2.3"
  resolved "http://registry.npm.qima-inc.com/json-schema/download/json-schema-0.2.3.tgz#b480c892e59a2f05954ce727bd3f2a4e882f9e13"

json-stable-stringify@^1.0.1:
  version "1.0.1"
  resolved "http://registry.npm.qima-inc.com/json-stable-stringify/download/json-stable-stringify-1.0.1.tgz#9a759d39c5f2ff503fd5300646ed445f88c4f9af"
  dependencies:
    jsonify "~0.0.0"

json-stringify-safe@~5.0.1:
  version "5.0.1"
  resolved "http://registry.npm.qima-inc.com/json-stringify-safe/download/json-stringify-safe-5.0.1.tgz#1296a2d58fd45f19a0f6ce01d65701e2c735b6eb"

jsonify@~0.0.0:
  version "0.0.0"
  resolved "http://registry.npm.qima-inc.com/jsonify/download/jsonify-0.0.0.tgz#2c74b6ee41d93ca51b7b5aaee8f503631d252a73"

jsonpointer@^4.0.0:
  version "4.0.0"
  resolved "http://registry.npm.qima-inc.com/jsonpointer/download/jsonpointer-4.0.0.tgz#6661e161d2fc445f19f98430231343722e1fcbd5"

jsprim@^1.2.2:
  version "1.3.1"
  resolved "http://registry.npm.qima-inc.com/jsprim/download/jsprim-1.3.1.tgz#2a7256f70412a29ee3670aaca625994c4dcff252"
  dependencies:
    extsprintf "1.0.2"
    json-schema "0.2.3"
    verror "1.3.6"

jstransformer-stylus:
  version "1.1.0"
  resolved "https://registry.npmjs.org/jstransformer-stylus/-/jstransformer-stylus-1.1.0.tgz#e5bcfc5256885d5e9d7783080fe98f48cc4eca03"
  dependencies:
    clone "^1.0.2"
    promise "^7.0.3"
    stylus "0.x"

jstransformer@0.0.2:
  version "0.0.2"
  resolved "http://registry.npm.qima-inc.com/jstransformer/download/jstransformer-0.0.2.tgz#7aae29a903d196cfa0973d885d3e47947ecd76ab"
  dependencies:
    is-promise "^2.0.0"
    promise "^6.0.1"

lcid@^1.0.0:
  version "1.0.0"
  resolved "http://registry.npm.qima-inc.com/lcid/download/lcid-1.0.0.tgz#308accafa0bc483a3867b4b6f2b9506251d1b835"
  dependencies:
    invert-kv "^1.0.0"

load-json-file@^1.0.0:
  version "1.1.0"
  resolved "http://registry.npm.qima-inc.com/load-json-file/download/load-json-file-1.1.0.tgz#956905708d58b4bab4c2261b04f59f31c99374c0"
  dependencies:
    graceful-fs "^4.1.2"
    parse-json "^2.2.0"
    pify "^2.0.0"
    pinkie-promise "^2.0.0"
    strip-bom "^2.0.0"

lodash, lodash@^4.6.1:
  version "4.16.4"
  resolved "http://registry.npm.qima-inc.com/lodash/download/lodash-4.16.4.tgz#01ce306b9bad1319f2a5528674f88297aeb70127"

microbuffer@^1.0.0:
  version "1.0.0"
  resolved "https://registry.npmjs.org/microbuffer/-/microbuffer-1.0.0.tgz#8b3832ed40c87d51f47bb234913a698a756d19d2"

mime-db@~1.24.0:
  version "1.24.0"
  resolved "http://registry.npm.qima-inc.com/mime-db/download/mime-db-1.24.0.tgz#e2d13f939f0016c6e4e9ad25a8652f126c467f0c"

mime-types@^2.1.11, mime-types@~2.1.7:
  version "2.1.12"
  resolved "http://registry.npm.qima-inc.com/mime-types/download/mime-types-2.1.12.tgz#152ba256777020dd4663f54c2e7bc26381e71729"
  dependencies:
    mime-db "~1.24.0"

minimatch@^3.0.2:
  version "3.0.3"
  resolved "http://registry.npm.qima-inc.com/minimatch/download/minimatch-3.0.3.tgz#2a4e4090b96b2db06a9d7df01055a62a77c9b774"
  dependencies:
    brace-expansion "^1.0.0"

minimist@0.0.8:
  version "0.0.8"
  resolved "http://registry.npm.qima-inc.com/minimist/download/minimist-0.0.8.tgz#857fcabfc3397d2625b8228262e86aa7a011b05d"

mkdirp, mkdirp@^0.5.0, "mkdirp@>=0.5 0", mkdirp@~0.5.0, mkdirp@0.5.x:
  version "0.5.1"
  resolved "http://registry.npm.qima-inc.com/mkdirp/download/mkdirp-0.5.1.tgz#30057438eac6cf7f8c4767f38648d6697d75c903"
  dependencies:
    minimist "0.0.8"

ms@0.7.1:
  version "0.7.1"
  resolved "http://registry.npm.qima-inc.com/ms/download/ms-0.7.1.tgz#9cd13c03adbff25b65effde7ce864ee952017098"

nan@^2.1.0:
  version "2.4.0"
  resolved "http://registry.npm.qima-inc.com/nan/download/nan-2.4.0.tgz#fb3c59d45fe4effe215f0b890f8adf6eb32d2232"

node-gyp@^3.0.3:
  version "3.4.0"
  resolved "http://registry.npm.qima-inc.com/node-gyp/download/node-gyp-3.4.0.tgz#dda558393b3ecbbe24c9e6b8703c71194c63fa36"
  dependencies:
    fstream "^1.0.0"
    glob "^7.0.3"
    graceful-fs "^4.1.2"
    minimatch "^3.0.2"
    mkdirp "^0.5.0"
    nopt "2 || 3"
    npmlog "0 || 1 || 2 || 3"
    osenv "0"
    path-array "^1.0.0"
    request "2"
    rimraf "2"
    semver "2.x || 3.x || 4 || 5"
    tar "^2.0.0"
    which "1"

node-uuid@~1.4.7:
  version "1.4.7"
  resolved "http://registry.npm.qima-inc.com/node-uuid/download/node-uuid-1.4.7.tgz#6da5a17668c4b3dd59623bda11cf7fa4c1f60a6f"

"nopt@2 || 3":
  version "3.0.6"
  resolved "http://registry.npm.qima-inc.com/nopt/download/nopt-3.0.6.tgz#c6465dbf08abcd4db359317f79ac68a646b28ff9"
  dependencies:
    abbrev "1"

normalize-package-data@^2.3.2:
  version "2.3.5"
  resolved "http://registry.npm.qima-inc.com/normalize-package-data/download/normalize-package-data-2.3.5.tgz#8d924f142960e1777e7ffe170543631cc7cb02df"
  dependencies:
    hosted-git-info "^2.1.4"
    is-builtin-module "^1.0.0"
    semver "2 || 3 || 4 || 5"
    validate-npm-package-license "^3.0.1"

"npmlog@0 || 1 || 2 || 3":
  version "3.1.2"
  resolved "http://registry.npm.qima-inc.com/npmlog/download/npmlog-3.1.2.tgz#2d46fa874337af9498a2f12bb43d8d0be4a36873"
  dependencies:
    are-we-there-yet "~1.1.2"
    console-control-strings "~1.1.0"
    gauge "~2.6.0"
    set-blocking "~2.0.0"

number-is-nan@^1.0.0:
  version "1.0.1"
  resolved "http://registry.npm.qima-inc.com/number-is-nan/download/number-is-nan-1.0.1.tgz#097b602b53422a522c1afb8790318336941a011d"

oauth-sign@~0.8.1:
  version "0.8.2"
  resolved "http://registry.npm.qima-inc.com/oauth-sign/download/oauth-sign-0.8.2.tgz#46a6ab7f0aead8deae9ec0565780b7d4efeb9d43"

object-assign@^4.1.0:
  version "4.1.0"
  resolved "http://registry.npm.qima-inc.com/object-assign/download/object-assign-4.1.0.tgz#7a3b3d0e98063d43f4c03f2e8ae6cd51a86883a0"

once@^1.3.0:
  version "1.4.0"
  resolved "http://registry.npm.qima-inc.com/once/download/once-1.4.0.tgz#583b1aa775961d4b113ac17d9c50baef9dd76bd1"
  dependencies:
    wrappy "1"

optimist@~0.3.5:
  version "0.3.7"
  resolved "http://registry.npm.qima-inc.com/optimist/download/optimist-0.3.7.tgz#c90941ad59e4273328923074d2cf2e7cbc6ec0d9"
  dependencies:
    wordwrap "~0.0.2"

os-homedir@^1.0.0:
  version "1.0.2"
  resolved "http://registry.npm.qima-inc.com/os-homedir/download/os-homedir-1.0.2.tgz#ffbc4988336e0e833de0c168c7ef152121aa7fb3"

os-locale@^1.4.0:
  version "1.4.0"
  resolved "http://registry.npm.qima-inc.com/os-locale/download/os-locale-1.4.0.tgz#20f9f17ae29ed345e8bde583b13d2009803c14d9"
  dependencies:
    lcid "^1.0.0"

os-tmpdir@^1.0.0:
  version "1.0.2"
  resolved "http://registry.npm.qima-inc.com/os-tmpdir/download/os-tmpdir-1.0.2.tgz#bbe67406c79aa85c5cfec766fe5734555dfa1274"

osenv@0:
  version "0.1.3"
  resolved "http://registry.npm.qima-inc.com/osenv/download/osenv-0.1.3.tgz#83cf05c6d6458fc4d5ac6362ea325d92f2754217"
  dependencies:
    os-homedir "^1.0.0"
    os-tmpdir "^1.0.0"

pako@^1.0.0:
  version "1.0.3"
  resolved "http://registry.npm.qima-inc.com/pako/download/pako-1.0.3.tgz#5f515b0c6722e1982920ae8005eacb0b7ca73ccf"

parse-json@^2.2.0:
  version "2.2.0"
  resolved "http://registry.npm.qima-inc.com/parse-json/download/parse-json-2.2.0.tgz#f480f40434ef80741f8469099f8dea18f55a4dc9"
  dependencies:
    error-ex "^1.2.0"

path-array@^1.0.0:
  version "1.0.1"
  resolved "http://registry.npm.qima-inc.com/path-array/download/path-array-1.0.1.tgz#7e2f0f35f07a2015122b868b7eac0eb2c4fec271"
  dependencies:
    array-index "^1.0.0"

path-exists@^2.0.0:
  version "2.1.0"
  resolved "http://registry.npm.qima-inc.com/path-exists/download/path-exists-2.1.0.tgz#0feb6c64f0fc518d9a754dd5efb62c7022761f4b"
  dependencies:
    pinkie-promise "^2.0.0"

path-is-absolute@^1.0.0:
  version "1.0.1"
  resolved "http://registry.npm.qima-inc.com/path-is-absolute/download/path-is-absolute-1.0.1.tgz#174b9268735534ffbc7ace6bf53a5a9e1b5c5f5f"

path-type@^1.0.0:
  version "1.1.0"
  resolved "http://registry.npm.qima-inc.com/path-type/download/path-type-1.1.0.tgz#59c44f7ee491da704da415da5a4070ba4f8fe441"
  dependencies:
    graceful-fs "^4.1.2"
    pify "^2.0.0"
    pinkie-promise "^2.0.0"

pify@^2.0.0:
  version "2.3.0"
  resolved "http://registry.npm.qima-inc.com/pify/download/pify-2.3.0.tgz#ed141a6ac043a849ea588498e7dca8b15330e90c"

pinkie-promise@^2.0.0:
  version "2.0.1"
  resolved "http://registry.npm.qima-inc.com/pinkie-promise/download/pinkie-promise-2.0.1.tgz#2135d6dfa7a358c069ac9b178776288228450ffa"
  dependencies:
    pinkie "^2.0.0"

pinkie@^2.0.0:
  version "2.0.4"
  resolved "http://registry.npm.qima-inc.com/pinkie/download/pinkie-2.0.4.tgz#72556b80cfa0d48a974e80e77248e80ed4f7f870"

pkginfo@0.3.x:
  version "0.3.1"
  resolved "http://registry.npm.qima-inc.com/pkginfo/download/pkginfo-0.3.1.tgz#5b29f6a81f70717142e09e765bbeab97b4f81e21"

process-nextick-args@~1.0.6:
  version "1.0.7"
  resolved "http://registry.npm.qima-inc.com/process-nextick-args/download/process-nextick-args-1.0.7.tgz#150e20b756590ad3f91093f25a4f2ad8bff30ba3"

promise@^6.0.1:
  version "6.1.0"
  resolved "http://registry.npm.qima-inc.com/promise/download/promise-6.1.0.tgz#2ce729f6b94b45c26891ad0602c5c90e04c6eef6"
  dependencies:
    asap "~1.0.0"

promise@^7.0.3:
  version "7.1.1"
  resolved "http://registry.npm.qima-inc.com/promise/download/promise-7.1.1.tgz#489654c692616b8aa55b0724fa809bb7db49c5bf"
  dependencies:
    asap "~2.0.3"

promise@~2.0:
  version "2.0.0"
  resolved "http://registry.npm.qima-inc.com/promise/download/promise-2.0.0.tgz#46648aa9d605af5d2e70c3024bf59436da02b80e"
  dependencies:
    is-promise "~1"

qs@~6.2.0:
  version "6.2.1"
  resolved "http://registry.npm.qima-inc.com/qs/download/qs-6.2.1.tgz#ce03c5ff0935bc1d9d69a9f14cbd18e568d67625"

read-pkg-up@^1.0.1:
  version "1.0.1"
  resolved "http://registry.npm.qima-inc.com/read-pkg-up/download/read-pkg-up-1.0.1.tgz#9d63c13276c065918d57f002a57f40a1b643fb02"
  dependencies:
    find-up "^1.0.0"
    read-pkg "^1.0.0"

read-pkg@^1.0.0:
  version "1.1.0"
  resolved "http://registry.npm.qima-inc.com/read-pkg/download/read-pkg-1.1.0.tgz#f5ffaa5ecd29cb31c0474bca7d756b6bb29e3f28"
  dependencies:
    load-json-file "^1.0.0"
    normalize-package-data "^2.3.2"
    path-type "^1.0.0"

"readable-stream@^2.0.0 || ^1.1.13", readable-stream@^2.0.2:
  version "2.1.5"
  resolved "http://registry.npm.qima-inc.com/readable-stream/download/readable-stream-2.1.5.tgz#66fa8b720e1438b364681f2ad1a63c618448c9d0"
  dependencies:
    buffer-shims "^1.0.0"
    core-util-is "~1.0.0"
    inherits "~2.0.1"
    isarray "~1.0.0"
    process-nextick-args "~1.0.6"
    string_decoder "~0.10.x"
    util-deprecate "~1.0.1"

readable-stream@~2.0.5:
  version "2.0.6"
  resolved "http://registry.npm.qima-inc.com/readable-stream/download/readable-stream-2.0.6.tgz#8f90341e68a53ccc928788dacfcd11b36eb9b78e"
  dependencies:
    core-util-is "~1.0.0"
    inherits "~2.0.1"
    isarray "~1.0.0"
    process-nextick-args "~1.0.6"
    string_decoder "~0.10.x"
    util-deprecate "~1.0.1"

request@2:
  version "2.75.0"
  resolved "http://registry.npm.qima-inc.com/request/download/request-2.75.0.tgz#d2b8268a286da13eaa5d01adf5d18cc90f657d93"
  dependencies:
    aws-sign2 "~0.6.0"
    aws4 "^1.2.1"
    bl "~1.1.2"
    caseless "~0.11.0"
    combined-stream "~1.0.5"
    extend "~3.0.0"
    forever-agent "~0.6.1"
    form-data "~2.0.0"
    har-validator "~2.0.6"
    hawk "~3.1.3"
    http-signature "~1.1.0"
    is-typedarray "~1.0.0"
    isstream "~0.1.2"
    json-stringify-safe "~5.0.1"
    mime-types "~2.1.7"
    node-uuid "~1.4.7"
    oauth-sign "~0.8.1"
    qs "~6.2.0"
    stringstream "~0.0.4"
    tough-cookie "~2.3.0"
    tunnel-agent "~0.4.1"

require-directory@^2.1.1:
  version "2.1.1"
  resolved "http://registry.npm.qima-inc.com/require-directory/download/require-directory-2.1.1.tgz#8c64ad5fd30dab1c976e2344ffe7f792a6a6df42"

require-main-filename@^1.0.1:
  version "1.0.1"
  resolved "http://registry.npm.qima-inc.com/require-main-filename/download/require-main-filename-1.0.1.tgz#97f717b69d48784f5f526a6c5aa8ffdda055a4d1"

rimraf, rimraf@2:
  version "2.5.4"
  resolved "http://registry.npm.qima-inc.com/rimraf/download/rimraf-2.5.4.tgz#96800093cbf1a0c86bd95b4625467535c29dfa04"
  dependencies:
    glob "^7.0.5"

sax@0.5.x:
  version "0.5.8"
  resolved "http://registry.npm.qima-inc.com/sax/download/sax-0.5.8.tgz#d472db228eb331c2506b0e8c15524adb939d12c1"

"semver@2 || 3 || 4 || 5", "semver@2.x || 3.x || 4 || 5":
  version "5.3.0"
  resolved "http://registry.npm.qima-inc.com/semver/download/semver-5.3.0.tgz#9b2ce5d3de02d17c6012ad326aa6b4d0cf54f94f"

set-blocking@^2.0.0, set-blocking@~2.0.0:
  version "2.0.0"
  resolved "http://registry.npm.qima-inc.com/set-blocking/download/set-blocking-2.0.0.tgz#045f9782d011ae9a6803ddd382b24392b3d890f7"

signal-exit@^3.0.0:
  version "3.0.1"
  resolved "http://registry.npm.qima-inc.com/signal-exit/download/signal-exit-3.0.1.tgz#5a4c884992b63a7acd9badb7894c3ee9cfccad81"

sntp@1.x.x:
  version "1.0.9"
  resolved "http://registry.npm.qima-inc.com/sntp/download/sntp-1.0.9.tgz#6541184cc90aeea6c6e7b35e2659082443c66198"
  dependencies:
    hoek "2.x.x"

source-map@~0.1.7, source-map@0.1.x:
  version "0.1.43"
  resolved "http://registry.npm.qima-inc.com/source-map/download/source-map-0.1.43.tgz#c24bc146ca517c1471f5dacbe2571b2b7f9e3346"
  dependencies:
    amdefine ">=0.0.4"

source-map@0.4.x:
  version "0.4.4"
  resolved "http://registry.npm.qima-inc.com/source-map/download/source-map-0.4.4.tgz#eba4f5da9c0dc999de68032d8b4f76173652036b"
  dependencies:
    amdefine ">=0.0.4"

spdx-correct@~1.0.0:
  version "1.0.2"
  resolved "http://registry.npm.qima-inc.com/spdx-correct/download/spdx-correct-1.0.2.tgz#4b3073d933ff51f3912f03ac5519498a4150db40"
  dependencies:
    spdx-license-ids "^1.0.2"

spdx-expression-parse@~1.0.0:
  version "1.0.4"
  resolved "http://registry.npm.qima-inc.com/spdx-expression-parse/download/spdx-expression-parse-1.0.4.tgz#9bdf2f20e1f40ed447fbe273266191fced51626c"

spdx-license-ids@^1.0.2:
  version "1.2.2"
  resolved "http://registry.npm.qima-inc.com/spdx-license-ids/download/spdx-license-ids-1.2.2.tgz#c9df7a3424594ade6bd11900d596696dc06bac57"

sprintf-js@~1.0.2:
  version "1.0.3"
  resolved "http://registry.npm.qima-inc.com/sprintf-js/download/sprintf-js-1.0.3.tgz#04e6926f662895354f3dd015203633b857297e2c"

sshpk@^1.7.0:
  version "1.10.1"
  resolved "http://registry.npm.qima-inc.com/sshpk/download/sshpk-1.10.1.tgz#30e1a5d329244974a1af61511339d595af6638b0"
  dependencies:
    asn1 "~0.2.3"
    assert-plus "^1.0.0"
    dashdash "^1.12.0"
    getpass "^0.1.1"
  optionalDependencies:
    bcrypt-pbkdf "^1.0.0"
    ecc-jsbn "~0.1.1"
    jodid25519 "^1.0.0"
    jsbn "~0.1.0"
    tweetnacl "~0.14.0"

stack-trace@0.0.x:
  version "0.0.9"
  resolved "http://registry.npm.qima-inc.com/stack-trace/download/stack-trace-0.0.9.tgz#a8f6eaeca90674c333e7c43953f275b451510695"

string_decoder@~0.10.x:
  version "0.10.31"
  resolved "http://registry.npm.qima-inc.com/string_decoder/download/string_decoder-0.10.31.tgz#62e203bc41766c6c28c9fc84301dab1c5310fa94"

string-width@^1.0.1, string-width@^1.0.2:
  version "1.0.2"
  resolved "http://registry.npm.qima-inc.com/string-width/download/string-width-1.0.2.tgz#118bdf5b8cdc51a2a7e70d211e07e2b0b9b107d3"
  dependencies:
    code-point-at "^1.0.0"
    is-fullwidth-code-point "^1.0.0"
    strip-ansi "^3.0.0"

stringstream@~0.0.4:
  version "0.0.5"
  resolved "http://registry.npm.qima-inc.com/stringstream/download/stringstream-0.0.5.tgz#4e484cd4de5a0bbbee18e46307710a8a81621878"

strip-ansi@^3.0.0, strip-ansi@^3.0.1:
  version "3.0.1"
  resolved "http://registry.npm.qima-inc.com/strip-ansi/download/strip-ansi-3.0.1.tgz#6a385fb8853d952d5ff05d0e8aaf94278dc63dcf"
  dependencies:
    ansi-regex "^2.0.0"

strip-bom@^2.0.0:
  version "2.0.0"
  resolved "http://registry.npm.qima-inc.com/strip-bom/download/strip-bom-2.0.0.tgz#6219a85616520491f35788bdbf1447a99c7e6b0e"
  dependencies:
    is-utf8 "^0.2.0"

stylus@0.x:
  version "0.54.5"
  resolved "http://registry.npm.qima-inc.com/stylus/download/stylus-0.54.5.tgz#42b9560931ca7090ce8515a798ba9e6aa3d6dc79"
  dependencies:
    css-parse "1.7.x"
    debug "*"
    glob "7.0.x"
    mkdirp "0.5.x"
    sax "0.5.x"
    source-map "0.1.x"

supports-color@^2.0.0:
  version "2.0.0"
  resolved "http://registry.npm.qima-inc.com/supports-color/download/supports-color-2.0.0.tgz#535d045ce6b6363fa40117084629995e9df324c7"

svg2ttf:
  version "4.0.2"
  resolved "https://registry.npmjs.org/svg2ttf/-/svg2ttf-4.0.2.tgz#5e37123c7e9bf3dc6c7f26b141392a19fcec7a57"
  dependencies:
    argparse "^1.0.6"
    cubic2quad "^1.0.0"
    lodash "^4.6.1"
    microbuffer "^1.0.0"
    svgpath "^2.1.5"
    xmldom "~0.1.22"

svgpath, svgpath@^2.1.5:
  version "2.2.0"
  resolved "https://registry.npmjs.org/svgpath/-/svgpath-2.2.0.tgz#6bbe4c4cad9170e3f338cc746cc2e0c0fc7a5064"

tar@^2.0.0:
  version "2.2.1"
  resolved "http://registry.npm.qima-inc.com/tar/download/tar-2.2.1.tgz#8e4d2a256c0e2185c6b18ad694aec968b83cb1d1"
  dependencies:
    block-stream "*"
    fstream "^1.0.2"
    inherits "2"

tough-cookie@~2.3.0:
  version "2.3.1"
  resolved "http://registry.npm.qima-inc.com/tough-cookie/download/tough-cookie-2.3.1.tgz#99c77dfbb7d804249e8a299d4cb0fd81fef083fd"

transformers@2.1.0:
  version "2.1.0"
  resolved "http://registry.npm.qima-inc.com/transformers/download/transformers-2.1.0.tgz#5d23cb35561dd85dc67fb8482309b47d53cce9a7"
  dependencies:
    css "~1.0.8"
    promise "~2.0"
    uglify-js "~2.2.5"

ttf2eot:
  version "2.0.0"
  resolved "https://registry.npmjs.org/ttf2eot/-/ttf2eot-2.0.0.tgz#8e6337a585abd1608a0c84958ab483ce69f6654b"
  dependencies:
    argparse "^1.0.6"
    microbuffer "^1.0.0"

ttf2woff:
  version "2.0.1"
  resolved "https://registry.npmjs.org/ttf2woff/-/ttf2woff-2.0.1.tgz#871832240024b09db9570904c7c1928b8057c969"
  dependencies:
    argparse "^1.0.6"
    microbuffer "^1.0.0"
    pako "^1.0.0"

ttf2woff2:
  version "2.0.3"
  resolved "https://registry.npmjs.org/ttf2woff2/-/ttf2woff2-2.0.3.tgz#5e020afe6e643287f3ad7687abed20fe654eb329"
  dependencies:
    bindings "^1.2.1"
    bufferstreams "^1.1.0"
    nan "^2.1.0"
    node-gyp "^3.0.3"

tunnel-agent@~0.4.1:
  version "0.4.3"
  resolved "http://registry.npm.qima-inc.com/tunnel-agent/download/tunnel-agent-0.4.3.tgz#6373db76909fe570e08d73583365ed828a74eeeb"

tweetnacl@^0.14.3, tweetnacl@~0.14.0:
  version "0.14.3"
  resolved "http://registry.npm.qima-inc.com/tweetnacl/download/tweetnacl-0.14.3.tgz#3da382f670f25ded78d7b3d1792119bca0b7132d"

uglify-js@~2.2.5:
  version "2.2.5"
  resolved "http://registry.npm.qima-inc.com/uglify-js/download/uglify-js-2.2.5.tgz#a6e02a70d839792b9780488b7b8b184c095c99c7"
  dependencies:
    optimist "~0.3.5"
    source-map "~0.1.7"

util-deprecate@~1.0.1:
  version "1.0.2"
  resolved "http://registry.npm.qima-inc.com/util-deprecate/download/util-deprecate-1.0.2.tgz#450d4dc9fa70de732762fbd2d4a28981419a0ccf"

validate-npm-package-license@^3.0.1:
  version "3.0.1"
  resolved "http://registry.npm.qima-inc.com/validate-npm-package-license/download/validate-npm-package-license-3.0.1.tgz#2804babe712ad3379459acfbe24746ab2c303fbc"
  dependencies:
    spdx-correct "~1.0.0"
    spdx-expression-parse "~1.0.0"

verror@1.3.6:
  version "1.3.6"
  resolved "http://registry.npm.qima-inc.com/verror/download/verror-1.3.6.tgz#cff5df12946d297d2baaefaa2689e25be01c005c"
  dependencies:
    extsprintf "1.0.2"

void-elements@~2.0.1:
  version "2.0.1"
  resolved "http://registry.npm.qima-inc.com/void-elements/download/void-elements-2.0.1.tgz#c066afb582bb1cb4128d60ea92392e94d5e9dbec"

which-module@^1.0.0:
  version "1.0.0"
  resolved "http://registry.npm.qima-inc.com/which-module/download/which-module-1.0.0.tgz#bba63ca861948994ff307736089e3b96026c2a4f"

which@1:
  version "1.2.11"
  resolved "http://registry.npm.qima-inc.com/which/download/which-1.2.11.tgz#c8b2eeea6b8c1659fa7c1dd4fdaabe9533dc5e8b"
  dependencies:
    isexe "^1.1.1"

wide-align@^1.1.0:
  version "1.1.0"
  resolved "http://registry.npm.qima-inc.com/wide-align/download/wide-align-1.1.0.tgz#40edde802a71fea1f070da3e62dcda2e7add96ad"
  dependencies:
    string-width "^1.0.1"

window-size@^0.2.0:
  version "0.2.0"
  resolved "http://registry.npm.qima-inc.com/window-size/download/window-size-0.2.0.tgz#b4315bb4214a3d7058ebeee892e13fa24d98b075"

winston:
  version "2.2.0"
  resolved "http://registry.npm.qima-inc.com/winston/download/winston-2.2.0.tgz#2c853dd87ab552a8e8485d72cbbf9a2286f029b7"
  dependencies:
    async "~1.0.0"
    colors "1.0.x"
    cycle "1.0.x"
    eyes "0.1.x"
    isstream "0.1.x"
    pkginfo "0.3.x"
    stack-trace "0.0.x"

with@~4.0.0:
  version "4.0.3"
  resolved "http://registry.npm.qima-inc.com/with/download/with-4.0.3.tgz#eefd154e9e79d2c8d3417b647a8f14d9fecce14e"
  dependencies:
    acorn "^1.0.1"
    acorn-globals "^1.0.3"

wordwrap@~0.0.2:
  version "0.0.3"
  resolved "http://registry.npm.qima-inc.com/wordwrap/download/wordwrap-0.0.3.tgz#a3d5da6cd5c0bc0008d37234bbaf1bed63059107"

wrap-ansi@^2.0.0:
  version "2.0.0"
  resolved "http://registry.npm.qima-inc.com/wrap-ansi/download/wrap-ansi-2.0.0.tgz#7d30f8f873f9a5bbc3a64dabc8d177e071ae426f"
  dependencies:
    string-width "^1.0.1"

wrappy@1:
  version "1.0.2"
  resolved "http://registry.npm.qima-inc.com/wrappy/download/wrappy-1.0.2.tgz#b5243d8f3ec1aa35f1364605bc0d1036e30ab69f"

xmldom, xmldom@~0.1.22:
  version "0.1.22"
  resolved "http://registry.npm.qima-inc.com/xmldom/download/xmldom-0.1.22.tgz#10de4e5e964981f03c8cc72fadc08d14b6c3aa26"

xtend@^4.0.0:
  version "4.0.1"
  resolved "http://registry.npm.qima-inc.com/xtend/download/xtend-4.0.1.tgz#a5c6d532be656e23db820efb943a1f04998d63af"

y18n@^3.2.1:
  version "3.2.1"
  resolved "http://registry.npm.qima-inc.com/y18n/download/y18n-3.2.1.tgz#6d15fba884c08679c0d77e88e7759e811e07fa41"

yargs:
  version "6.3.0"
  resolved "http://registry.npm.qima-inc.com/yargs/download/yargs-6.3.0.tgz#19c6dbb768744d571eb6ebae0c174cf2f71b188d"
  dependencies:
    camelcase "^3.0.0"
    cliui "^3.2.0"
    decamelize "^1.1.1"
    get-caller-file "^1.0.1"
    os-locale "^1.4.0"
    read-pkg-up "^1.0.1"
    require-directory "^2.1.1"
    require-main-filename "^1.0.1"
    set-blocking "^2.0.0"
    string-width "^1.0.2"
    which-module "^1.0.0"
    window-size "^0.2.0"
    y18n "^3.2.1"
    yargs-parser "^4.0.2"

yargs-parser@^4.0.2:
  version "4.0.2"
  resolved "http://registry.npm.qima-inc.com/yargs-parser/download/yargs-parser-4.0.2.tgz#7f7173a8c7cca1d81dc7c18692fc07c2c2e2b1e0"
  dependencies:
    camelcase "^3.0.0"

